
Microsoft Visual Studio Solution File, Format Version 12.00
# Visual Studio Version 16
VisualStudioVersion = 16.0.30804.86
MinimumVisualStudioVersion = 10.0.40219.1
Project("{FAE04EC0-301F-11D3-BF4B-00C04F79EFBC}") = "Stealer", "Stealer\Stealer.csproj", "{73E73450-A858-49AD-8ECB-38CC294C6560}"
EndProject
Project("{2150E333-8FDC-42A3-9474-1A3956D46DE8}") = "Reflection", "Reflection", "{C5A4ECAD-7ADD-48EF-8723-18B075DD4448}"
EndProject
Global
	GlobalSection(SolutionConfigurationPlatforms) = preSolution
		Debug|Any CPU = Debug|Any CPU
		Release|Any CPU = Release|Any CPU
	EndGlobalSection
	GlobalSection(ProjectConfigurationPlatforms) = postSolution
		{73E73450-A858-49AD-8ECB-38CC294C6560}.Debug|Any CPU.ActiveCfg = Debug|Any CPU
		{73E73450-A858-49AD-8ECB-38CC294C6560}.Debug|Any CPU.Build.0 = Debug|Any CPU
		{73E73450-A858-49AD-8ECB-38CC294C6560}.Release|Any CPU.ActiveCfg = Release|Any CPU
		{73E73450-A858-49AD-8ECB-38CC294C6560}.Release|Any CPU.Build.0 = Release|Any CPU
	EndGlobalSection
	GlobalSection(SolutionProperties) = preSolution
		HideSolutionNode = FALSE
	EndGlobalSection
	GlobalSection(NestedProjects) = preSolution
		{73E73450-A858-49AD-8ECB-38CC294C6560} = {C5A4ECAD-7ADD-48EF-8723-18B075DD4448}
	EndGlobalSection
	GlobalSection(ExtensibilityGlobals) = postSolution
		SolutionGuid = {69842EB4-D706-4845-AD8F-2DC8E8B61C68}
	EndGlobalSection
EndGlobal
