
Microsoft Visual Studio Solution File, Format Version 12.00
# Visual Studio Version 16
VisualStudioVersion = 16.0.30804.86
MinimumVisualStudioVersion = 10.0.40219.1
Project("{9A19103F-16F7-4668-BE54-9A1E7A4F7556}") = "ClassBoxData", "ClassBoxData\ClassBoxData.csproj", "{0D55EBEE-2FE2-465C-B279-8DF75CCA2802}"
EndProject
Project("{9A19103F-16F7-4668-BE54-9A1E7A4F7556}") = "AnimalFarm", "AnimalFarm\AnimalFarm.csproj", "{5B805102-C177-4323-8A4F-539DE0B7BF9A}"
EndProject
Project("{9A19103F-16F7-4668-BE54-9A1E7A4F7556}") = "ShoppingSpree", "ShoppingSpree\ShoppingSpree.csproj", "{6A742CCF-E9F4-4C88-88A5-EE145AAF2141}"
EndProject
Project("{9A19103F-16F7-4668-BE54-9A1E7A4F7556}") = "PizzaCalories", "PizzaCalories\PizzaCalories.csproj", "{45D76BD5-D1A7-4B0A-AED6-3CD164E01082}"
EndProject
Project("{FAE04EC0-301F-11D3-BF4B-00C04F79EFBC}") = "FootballTeamGenerator", "FootballTeamGenerator\FootballTeamGenerator.csproj", "{F1571F4B-1B2E-497A-9C34-906D281344F7}"
EndProject
Global
	GlobalSection(SolutionConfigurationPlatforms) = preSolution
		Debug|Any CPU = Debug|Any CPU
		Release|Any CPU = Release|Any CPU
	EndGlobalSection
	GlobalSection(ProjectConfigurationPlatforms) = postSolution
		{0D55EBEE-2FE2-465C-B279-8DF75CCA2802}.Debug|Any CPU.ActiveCfg = Debug|Any CPU
		{0D55EBEE-2FE2-465C-B279-8DF75CCA2802}.Debug|Any CPU.Build.0 = Debug|Any CPU
		{0D55EBEE-2FE2-465C-B279-8DF75CCA2802}.Release|Any CPU.ActiveCfg = Release|Any CPU
		{0D55EBEE-2FE2-465C-B279-8DF75CCA2802}.Release|Any CPU.Build.0 = Release|Any CPU
		{5B805102-C177-4323-8A4F-539DE0B7BF9A}.Debug|Any CPU.ActiveCfg = Debug|Any CPU
		{5B805102-C177-4323-8A4F-539DE0B7BF9A}.Debug|Any CPU.Build.0 = Debug|Any CPU
		{5B805102-C177-4323-8A4F-539DE0B7BF9A}.Release|Any CPU.ActiveCfg = Release|Any CPU
		{5B805102-C177-4323-8A4F-539DE0B7BF9A}.Release|Any CPU.Build.0 = Release|Any CPU
		{6A742CCF-E9F4-4C88-88A5-EE145AAF2141}.Debug|Any CPU.ActiveCfg = Debug|Any CPU
		{6A742CCF-E9F4-4C88-88A5-EE145AAF2141}.Debug|Any CPU.Build.0 = Debug|Any CPU
		{6A742CCF-E9F4-4C88-88A5-EE145AAF2141}.Release|Any CPU.ActiveCfg = Release|Any CPU
		{6A742CCF-E9F4-4C88-88A5-EE145AAF2141}.Release|Any CPU.Build.0 = Release|Any CPU
		{45D76BD5-D1A7-4B0A-AED6-3CD164E01082}.Debug|Any CPU.ActiveCfg = Debug|Any CPU
		{45D76BD5-D1A7-4B0A-AED6-3CD164E01082}.Debug|Any CPU.Build.0 = Debug|Any CPU
		{45D76BD5-D1A7-4B0A-AED6-3CD164E01082}.Release|Any CPU.ActiveCfg = Release|Any CPU
		{45D76BD5-D1A7-4B0A-AED6-3CD164E01082}.Release|Any CPU.Build.0 = Release|Any CPU
		{F1571F4B-1B2E-497A-9C34-906D281344F7}.Debug|Any CPU.ActiveCfg = Debug|Any CPU
		{F1571F4B-1B2E-497A-9C34-906D281344F7}.Debug|Any CPU.Build.0 = Debug|Any CPU
		{F1571F4B-1B2E-497A-9C34-906D281344F7}.Release|Any CPU.ActiveCfg = Release|Any CPU
		{F1571F4B-1B2E-497A-9C34-906D281344F7}.Release|Any CPU.Build.0 = Release|Any CPU
	EndGlobalSection
	GlobalSection(SolutionProperties) = preSolution
		HideSolutionNode = FALSE
	EndGlobalSection
	GlobalSection(ExtensibilityGlobals) = postSolution
		SolutionGuid = {7C5AB05B-F650-4525-AB7C-E9CE8F18E64E}
	EndGlobalSection
EndGlobal
