
Microsoft Visual Studio Solution File, Format Version 12.00
# Visual Studio Version 16
VisualStudioVersion = 16.0.30717.126
MinimumVisualStudioVersion = 10.0.40219.1
Project("{FAE04EC0-301F-11D3-BF4B-00C04F79EFBC}") = "01.Messaging", "ListMoreExerc\01.Messaging.csproj", "{78CE439F-A172-40FA-8E7F-98345ABDBE76}"
EndProject
Project("{9A19103F-16F7-4668-BE54-9A1E7A4F7556}") = "02.CarRace", "02.CarRace\02.CarRace.csproj", "{C70633EF-6240-4EFB-BC70-65715B9A69BB}"
EndProject
Project("{FAE04EC0-301F-11D3-BF4B-00C04F79EFBC}") = "03.TakeSkipRope", "03.TakeSkipRope\03.TakeSkipRope.csproj", "{C47BA296-9901-4E4E-B65B-53550DEF6EC8}"
EndProject
Project("{FAE04EC0-301F-11D3-BF4B-00C04F79EFBC}") = "04.MixedUpLists", "04.MixedUpLists\04.MixedUpLists.csproj", "{D3C19011-E6C1-4D58-8B3A-BF53E07A1F25}"
EndProject
Project("{FAE04EC0-301F-11D3-BF4B-00C04F79EFBC}") = "05.DrumSet", "05.DrumSet\05.DrumSet.csproj", "{18C031B5-D3E1-4B63-81C8-8DEF0A4765A4}"
EndProject
Global
	GlobalSection(SolutionConfigurationPlatforms) = preSolution
		Debug|Any CPU = Debug|Any CPU
		Release|Any CPU = Release|Any CPU
	EndGlobalSection
	GlobalSection(ProjectConfigurationPlatforms) = postSolution
		{78CE439F-A172-40FA-8E7F-98345ABDBE76}.Debug|Any CPU.ActiveCfg = Debug|Any CPU
		{78CE439F-A172-40FA-8E7F-98345ABDBE76}.Debug|Any CPU.Build.0 = Debug|Any CPU
		{78CE439F-A172-40FA-8E7F-98345ABDBE76}.Release|Any CPU.ActiveCfg = Release|Any CPU
		{78CE439F-A172-40FA-8E7F-98345ABDBE76}.Release|Any CPU.Build.0 = Release|Any CPU
		{C70633EF-6240-4EFB-BC70-65715B9A69BB}.Debug|Any CPU.ActiveCfg = Debug|Any CPU
		{C70633EF-6240-4EFB-BC70-65715B9A69BB}.Debug|Any CPU.Build.0 = Debug|Any CPU
		{C70633EF-6240-4EFB-BC70-65715B9A69BB}.Release|Any CPU.ActiveCfg = Release|Any CPU
		{C70633EF-6240-4EFB-BC70-65715B9A69BB}.Release|Any CPU.Build.0 = Release|Any CPU
		{C47BA296-9901-4E4E-B65B-53550DEF6EC8}.Debug|Any CPU.ActiveCfg = Debug|Any CPU
		{C47BA296-9901-4E4E-B65B-53550DEF6EC8}.Debug|Any CPU.Build.0 = Debug|Any CPU
		{C47BA296-9901-4E4E-B65B-53550DEF6EC8}.Release|Any CPU.ActiveCfg = Release|Any CPU
		{C47BA296-9901-4E4E-B65B-53550DEF6EC8}.Release|Any CPU.Build.0 = Release|Any CPU
		{D3C19011-E6C1-4D58-8B3A-BF53E07A1F25}.Debug|Any CPU.ActiveCfg = Debug|Any CPU
		{D3C19011-E6C1-4D58-8B3A-BF53E07A1F25}.Debug|Any CPU.Build.0 = Debug|Any CPU
		{D3C19011-E6C1-4D58-8B3A-BF53E07A1F25}.Release|Any CPU.ActiveCfg = Release|Any CPU
		{D3C19011-E6C1-4D58-8B3A-BF53E07A1F25}.Release|Any CPU.Build.0 = Release|Any CPU
		{18C031B5-D3E1-4B63-81C8-8DEF0A4765A4}.Debug|Any CPU.ActiveCfg = Debug|Any CPU
		{18C031B5-D3E1-4B63-81C8-8DEF0A4765A4}.Debug|Any CPU.Build.0 = Debug|Any CPU
		{18C031B5-D3E1-4B63-81C8-8DEF0A4765A4}.Release|Any CPU.ActiveCfg = Release|Any CPU
		{18C031B5-D3E1-4B63-81C8-8DEF0A4765A4}.Release|Any CPU.Build.0 = Release|Any CPU
	EndGlobalSection
	GlobalSection(SolutionProperties) = preSolution
		HideSolutionNode = FALSE
	EndGlobalSection
	GlobalSection(ExtensibilityGlobals) = postSolution
		SolutionGuid = {367A18E8-75B9-46A6-95CA-49DCF271B50A}
	EndGlobalSection
EndGlobal
