
Microsoft Visual Studio Solution File, Format Version 12.00
# Visual Studio Version 16
VisualStudioVersion = 16.0.30804.86
MinimumVisualStudioVersion = 10.0.40219.1
Project("{9A19103F-16F7-4668-BE54-9A1E7A4F7556}") = "Bombs", "Bombs\Bombs.csproj", "{3100BB0A-48C8-4A34-A604-AE5CCAA2357C}"
EndProject
Project("{9A19103F-16F7-4668-BE54-9A1E7A4F7556}") = "Snake", "Snake\Snake.csproj", "{8E089E56-6D2F-454C-9552-24BBEA580901}"
EndProject
Project("{FAE04EC0-301F-11D3-BF4B-00C04F79EFBC}") = "Parking", "Parking\Parking.csproj", "{67D753D6-5D64-43D4-8598-0AD27666BCB4}"
EndProject
Global
	GlobalSection(SolutionConfigurationPlatforms) = preSolution
		Debug|Any CPU = Debug|Any CPU
		Release|Any CPU = Release|Any CPU
	EndGlobalSection
	GlobalSection(ProjectConfigurationPlatforms) = postSolution
		{3100BB0A-48C8-4A34-A604-AE5CCAA2357C}.Debug|Any CPU.ActiveCfg = Debug|Any CPU
		{3100BB0A-48C8-4A34-A604-AE5CCAA2357C}.Debug|Any CPU.Build.0 = Debug|Any CPU
		{3100BB0A-48C8-4A34-A604-AE5CCAA2357C}.Release|Any CPU.ActiveCfg = Release|Any CPU
		{3100BB0A-48C8-4A34-A604-AE5CCAA2357C}.Release|Any CPU.Build.0 = Release|Any CPU
		{8E089E56-6D2F-454C-9552-24BBEA580901}.Debug|Any CPU.ActiveCfg = Debug|Any CPU
		{8E089E56-6D2F-454C-9552-24BBEA580901}.Debug|Any CPU.Build.0 = Debug|Any CPU
		{8E089E56-6D2F-454C-9552-24BBEA580901}.Release|Any CPU.ActiveCfg = Release|Any CPU
		{8E089E56-6D2F-454C-9552-24BBEA580901}.Release|Any CPU.Build.0 = Release|Any CPU
		{67D753D6-5D64-43D4-8598-0AD27666BCB4}.Debug|Any CPU.ActiveCfg = Debug|Any CPU
		{67D753D6-5D64-43D4-8598-0AD27666BCB4}.Debug|Any CPU.Build.0 = Debug|Any CPU
		{67D753D6-5D64-43D4-8598-0AD27666BCB4}.Release|Any CPU.ActiveCfg = Release|Any CPU
		{67D753D6-5D64-43D4-8598-0AD27666BCB4}.Release|Any CPU.Build.0 = Release|Any CPU
	EndGlobalSection
	GlobalSection(SolutionProperties) = preSolution
		HideSolutionNode = FALSE
	EndGlobalSection
	GlobalSection(ExtensibilityGlobals) = postSolution
		SolutionGuid = {9D021176-80FA-447D-B94B-368B94B4ADEF}
	EndGlobalSection
EndGlobal
