
Microsoft Visual Studio Solution File, Format Version 12.00
# Visual Studio Version 16
VisualStudioVersion = 16.0.30611.23
MinimumVisualStudioVersion = 10.0.40219.1
Project("{9A19103F-16F7-4668-BE54-9A1E7A4F7556}") = "02.PoundsToDollar", "02.PoundsToDollar\02.PoundsToDollar.csproj", "{7B28EB5E-B100-486D-B9C0-494B711288FD}"
EndProject
Project("{9A19103F-16F7-4668-BE54-9A1E7A4F7556}") = "01.ConvertMetersToKilometers", "01.ConvertMetersToKilometers\01.ConvertMetersToKilometers.csproj", "{93805179-7219-42E9-AAC8-B379A6D91F49}"
EndProject
Project("{9A19103F-16F7-4668-BE54-9A1E7A4F7556}") = "03.ExactSumOfRealNumbers", "03.ExactSumOfRealNumbers\03.ExactSumOfRealNumbers.csproj", "{19A196CB-15A0-4DDB-8C73-ED2AFB7BEAB0}"
EndProject
Project("{2150E333-8FDC-42A3-9474-1A3956D46DE8}") = "I.IntegerAndRealNumbers", "I.IntegerAndRealNumbers", "{7F9F2150-9E39-498D-A17C-08687BC101C3}"
EndProject
Project("{2150E333-8FDC-42A3-9474-1A3956D46DE8}") = "II.DataTypesAndTypeConversion", "II.DataTypesAndTypeConversion", "{11FB3C13-7C48-4F02-AAFB-1B09C742E909}"
EndProject
Project("{FAE04EC0-301F-11D3-BF4B-00C04F79EFBC}") = "04.CenturiesToMinutes", "04.CenturiesToMinutes\04.CenturiesToMinutes.csproj", "{1A7B3F87-C1B7-4AD1-989A-64F29A7E43FD}"
EndProject
Project("{FAE04EC0-301F-11D3-BF4B-00C04F79EFBC}") = "05.SpecialNumbers", "05.SpecialNumbers\05.SpecialNumbers.csproj", "{E27EC74F-06B5-4A22-B1B4-CADA4C5DC627}"
EndProject
Project("{FAE04EC0-301F-11D3-BF4B-00C04F79EFBC}") = "06.ReversedChars", "06.ReversedChars\06.ReversedChars.csproj", "{03750B3B-5F88-4BDB-A338-B281B9C73836}"
EndProject
Project("{FAE04EC0-301F-11D3-BF4B-00C04F79EFBC}") = "07.ConcatNames", "07.ConcatNames\07.ConcatNames.csproj", "{E1FF2C6B-20B3-4E20-957E-5CFD381718BD}"
EndProject
Project("{FAE04EC0-301F-11D3-BF4B-00C04F79EFBC}") = "08.TownInfo", "08.TownInfo\08.TownInfo.csproj", "{847350E5-A213-44F0-A778-0C94BAC16B36}"
EndProject
Project("{FAE04EC0-301F-11D3-BF4B-00C04F79EFBC}") = "09.CharsТoString", "09.CharsТoString\09.CharsТoString.csproj", "{D776942C-BDEA-4F8C-959A-B0A3BD34BC8C}"
EndProject
Project("{FAE04EC0-301F-11D3-BF4B-00C04F79EFBC}") = "10.LowerOrUpper", "10.LowerOrUpper\10.LowerOrUpper.csproj", "{70852E6B-4C9E-4C8D-908B-B879C43DAE55}"
EndProject
Project("{2150E333-8FDC-42A3-9474-1A3956D46DE8}") = "III.Variables", "III.Variables", "{41A0A7DE-CDC8-423A-9713-5703D3386D6D}"
EndProject
Project("{FAE04EC0-301F-11D3-BF4B-00C04F79EFBC}") = "11.RefactorVolumeOfPyramid", "11.RefactorVolumeOfPyramid\11.RefactorVolumeOfPyramid.csproj", "{C8407B18-108C-4C41-8CFC-C18155ED6FE3}"
EndProject
Project("{FAE04EC0-301F-11D3-BF4B-00C04F79EFBC}") = "12.RefactorSpecialNumbers", "12.RefactorSpecialNumbers\12.RefactorSpecialNumbers.csproj", "{F925F821-4922-4107-B057-D25D528B576A}"
EndProject
Global
	GlobalSection(SolutionConfigurationPlatforms) = preSolution
		Debug|Any CPU = Debug|Any CPU
		Release|Any CPU = Release|Any CPU
	EndGlobalSection
	GlobalSection(ProjectConfigurationPlatforms) = postSolution
		{7B28EB5E-B100-486D-B9C0-494B711288FD}.Debug|Any CPU.ActiveCfg = Debug|Any CPU
		{7B28EB5E-B100-486D-B9C0-494B711288FD}.Debug|Any CPU.Build.0 = Debug|Any CPU
		{7B28EB5E-B100-486D-B9C0-494B711288FD}.Release|Any CPU.ActiveCfg = Release|Any CPU
		{7B28EB5E-B100-486D-B9C0-494B711288FD}.Release|Any CPU.Build.0 = Release|Any CPU
		{93805179-7219-42E9-AAC8-B379A6D91F49}.Debug|Any CPU.ActiveCfg = Debug|Any CPU
		{93805179-7219-42E9-AAC8-B379A6D91F49}.Debug|Any CPU.Build.0 = Debug|Any CPU
		{93805179-7219-42E9-AAC8-B379A6D91F49}.Release|Any CPU.ActiveCfg = Release|Any CPU
		{93805179-7219-42E9-AAC8-B379A6D91F49}.Release|Any CPU.Build.0 = Release|Any CPU
		{19A196CB-15A0-4DDB-8C73-ED2AFB7BEAB0}.Debug|Any CPU.ActiveCfg = Debug|Any CPU
		{19A196CB-15A0-4DDB-8C73-ED2AFB7BEAB0}.Debug|Any CPU.Build.0 = Debug|Any CPU
		{19A196CB-15A0-4DDB-8C73-ED2AFB7BEAB0}.Release|Any CPU.ActiveCfg = Release|Any CPU
		{19A196CB-15A0-4DDB-8C73-ED2AFB7BEAB0}.Release|Any CPU.Build.0 = Release|Any CPU
		{1A7B3F87-C1B7-4AD1-989A-64F29A7E43FD}.Debug|Any CPU.ActiveCfg = Debug|Any CPU
		{1A7B3F87-C1B7-4AD1-989A-64F29A7E43FD}.Debug|Any CPU.Build.0 = Debug|Any CPU
		{1A7B3F87-C1B7-4AD1-989A-64F29A7E43FD}.Release|Any CPU.ActiveCfg = Release|Any CPU
		{1A7B3F87-C1B7-4AD1-989A-64F29A7E43FD}.Release|Any CPU.Build.0 = Release|Any CPU
		{E27EC74F-06B5-4A22-B1B4-CADA4C5DC627}.Debug|Any CPU.ActiveCfg = Debug|Any CPU
		{E27EC74F-06B5-4A22-B1B4-CADA4C5DC627}.Debug|Any CPU.Build.0 = Debug|Any CPU
		{E27EC74F-06B5-4A22-B1B4-CADA4C5DC627}.Release|Any CPU.ActiveCfg = Release|Any CPU
		{E27EC74F-06B5-4A22-B1B4-CADA4C5DC627}.Release|Any CPU.Build.0 = Release|Any CPU
		{03750B3B-5F88-4BDB-A338-B281B9C73836}.Debug|Any CPU.ActiveCfg = Debug|Any CPU
		{03750B3B-5F88-4BDB-A338-B281B9C73836}.Debug|Any CPU.Build.0 = Debug|Any CPU
		{03750B3B-5F88-4BDB-A338-B281B9C73836}.Release|Any CPU.ActiveCfg = Release|Any CPU
		{03750B3B-5F88-4BDB-A338-B281B9C73836}.Release|Any CPU.Build.0 = Release|Any CPU
		{E1FF2C6B-20B3-4E20-957E-5CFD381718BD}.Debug|Any CPU.ActiveCfg = Debug|Any CPU
		{E1FF2C6B-20B3-4E20-957E-5CFD381718BD}.Debug|Any CPU.Build.0 = Debug|Any CPU
		{E1FF2C6B-20B3-4E20-957E-5CFD381718BD}.Release|Any CPU.ActiveCfg = Release|Any CPU
		{E1FF2C6B-20B3-4E20-957E-5CFD381718BD}.Release|Any CPU.Build.0 = Release|Any CPU
		{847350E5-A213-44F0-A778-0C94BAC16B36}.Debug|Any CPU.ActiveCfg = Debug|Any CPU
		{847350E5-A213-44F0-A778-0C94BAC16B36}.Debug|Any CPU.Build.0 = Debug|Any CPU
		{847350E5-A213-44F0-A778-0C94BAC16B36}.Release|Any CPU.ActiveCfg = Release|Any CPU
		{847350E5-A213-44F0-A778-0C94BAC16B36}.Release|Any CPU.Build.0 = Release|Any CPU
		{D776942C-BDEA-4F8C-959A-B0A3BD34BC8C}.Debug|Any CPU.ActiveCfg = Debug|Any CPU
		{D776942C-BDEA-4F8C-959A-B0A3BD34BC8C}.Debug|Any CPU.Build.0 = Debug|Any CPU
		{D776942C-BDEA-4F8C-959A-B0A3BD34BC8C}.Release|Any CPU.ActiveCfg = Release|Any CPU
		{D776942C-BDEA-4F8C-959A-B0A3BD34BC8C}.Release|Any CPU.Build.0 = Release|Any CPU
		{70852E6B-4C9E-4C8D-908B-B879C43DAE55}.Debug|Any CPU.ActiveCfg = Debug|Any CPU
		{70852E6B-4C9E-4C8D-908B-B879C43DAE55}.Debug|Any CPU.Build.0 = Debug|Any CPU
		{70852E6B-4C9E-4C8D-908B-B879C43DAE55}.Release|Any CPU.ActiveCfg = Release|Any CPU
		{70852E6B-4C9E-4C8D-908B-B879C43DAE55}.Release|Any CPU.Build.0 = Release|Any CPU
		{C8407B18-108C-4C41-8CFC-C18155ED6FE3}.Debug|Any CPU.ActiveCfg = Debug|Any CPU
		{C8407B18-108C-4C41-8CFC-C18155ED6FE3}.Debug|Any CPU.Build.0 = Debug|Any CPU
		{C8407B18-108C-4C41-8CFC-C18155ED6FE3}.Release|Any CPU.ActiveCfg = Release|Any CPU
		{C8407B18-108C-4C41-8CFC-C18155ED6FE3}.Release|Any CPU.Build.0 = Release|Any CPU
		{F925F821-4922-4107-B057-D25D528B576A}.Debug|Any CPU.ActiveCfg = Debug|Any CPU
		{F925F821-4922-4107-B057-D25D528B576A}.Debug|Any CPU.Build.0 = Debug|Any CPU
		{F925F821-4922-4107-B057-D25D528B576A}.Release|Any CPU.ActiveCfg = Release|Any CPU
		{F925F821-4922-4107-B057-D25D528B576A}.Release|Any CPU.Build.0 = Release|Any CPU
	EndGlobalSection
	GlobalSection(SolutionProperties) = preSolution
		HideSolutionNode = FALSE
	EndGlobalSection
	GlobalSection(NestedProjects) = preSolution
		{7B28EB5E-B100-486D-B9C0-494B711288FD} = {7F9F2150-9E39-498D-A17C-08687BC101C3}
		{93805179-7219-42E9-AAC8-B379A6D91F49} = {7F9F2150-9E39-498D-A17C-08687BC101C3}
		{19A196CB-15A0-4DDB-8C73-ED2AFB7BEAB0} = {7F9F2150-9E39-498D-A17C-08687BC101C3}
		{1A7B3F87-C1B7-4AD1-989A-64F29A7E43FD} = {11FB3C13-7C48-4F02-AAFB-1B09C742E909}
		{E27EC74F-06B5-4A22-B1B4-CADA4C5DC627} = {11FB3C13-7C48-4F02-AAFB-1B09C742E909}
		{03750B3B-5F88-4BDB-A338-B281B9C73836} = {11FB3C13-7C48-4F02-AAFB-1B09C742E909}
		{E1FF2C6B-20B3-4E20-957E-5CFD381718BD} = {11FB3C13-7C48-4F02-AAFB-1B09C742E909}
		{847350E5-A213-44F0-A778-0C94BAC16B36} = {11FB3C13-7C48-4F02-AAFB-1B09C742E909}
		{D776942C-BDEA-4F8C-959A-B0A3BD34BC8C} = {11FB3C13-7C48-4F02-AAFB-1B09C742E909}
		{70852E6B-4C9E-4C8D-908B-B879C43DAE55} = {11FB3C13-7C48-4F02-AAFB-1B09C742E909}
		{C8407B18-108C-4C41-8CFC-C18155ED6FE3} = {41A0A7DE-CDC8-423A-9713-5703D3386D6D}
		{F925F821-4922-4107-B057-D25D528B576A} = {41A0A7DE-CDC8-423A-9713-5703D3386D6D}
	EndGlobalSection
	GlobalSection(ExtensibilityGlobals) = postSolution
		SolutionGuid = {4C7FB376-07C4-4497-AC1A-C101B55011AB}
	EndGlobalSection
EndGlobal
