
Microsoft Visual Studio Solution File, Format Version 12.00
# Visual Studio Version 16
VisualStudioVersion = 16.0.30611.23
MinimumVisualStudioVersion = 10.0.40219.1
Project("{9A19103F-16F7-4668-BE54-9A1E7A4F7556}") = "01.Ages", "FirstOne\01.Ages.csproj", "{DF884900-68B5-4E97-91E5-AF3D117D23C9}"
EndProject
Project("{9A19103F-16F7-4668-BE54-9A1E7A4F7556}") = "02.Division", "02.Division\02.Division.csproj", "{EF9D9D51-5030-4028-A8A1-BCF8579A24CE}"
EndProject
Project("{9A19103F-16F7-4668-BE54-9A1E7A4F7556}") = "03.Vacantion", "03.Vacantion\03.Vacantion.csproj", "{24AB7F6F-9918-45A7-BB4B-CEC138559ED1}"
EndProject
Project("{9A19103F-16F7-4668-BE54-9A1E7A4F7556}") = "04.PrintAndSum", "04.PrintAndSum\04.PrintAndSum.csproj", "{E0C146CB-1796-4EE6-875F-9A0885616984}"
EndProject
Project("{9A19103F-16F7-4668-BE54-9A1E7A4F7556}") = "05.Login", "05.Login\05.Login.csproj", "{825F089C-A1B6-4399-8CAD-BAAC91E05E2D}"
EndProject
Project("{9A19103F-16F7-4668-BE54-9A1E7A4F7556}") = "06.StrongNumber", "06.StrongNumber\06.StrongNumber.csproj", "{B365C0D9-D110-452D-9576-CAAE262C2381}"
EndProject
Project("{9A19103F-16F7-4668-BE54-9A1E7A4F7556}") = "07.VendingMachine", "07.VendingMachine\07.VendingMachine.csproj", "{70FC39CD-740F-4D8F-BC8A-E16017D87123}"
EndProject
Project("{9A19103F-16F7-4668-BE54-9A1E7A4F7556}") = "08.TrianlgeNumbers", "08.TrianlgeNumbers\08.TrianlgeNumbers.csproj", "{8B8E05CF-F922-4FDA-95A5-FBEA746FFDC6}"
EndProject
Project("{FAE04EC0-301F-11D3-BF4B-00C04F79EFBC}") = "09.Padawan Equipment", "09.Padawan Equipment\09.Padawan Equipment.csproj", "{2513B120-D6E9-4BA6-B453-6921E7635FF5}"
EndProject
Project("{FAE04EC0-301F-11D3-BF4B-00C04F79EFBC}") = "10.RageExpenses", "10.RageExpenses\10.RageExpenses.csproj", "{A28DB53C-C9DF-4591-82D0-3DF57AA1A61B}"
EndProject
Global
	GlobalSection(SolutionConfigurationPlatforms) = preSolution
		Debug|Any CPU = Debug|Any CPU
		Release|Any CPU = Release|Any CPU
	EndGlobalSection
	GlobalSection(ProjectConfigurationPlatforms) = postSolution
		{DF884900-68B5-4E97-91E5-AF3D117D23C9}.Debug|Any CPU.ActiveCfg = Debug|Any CPU
		{DF884900-68B5-4E97-91E5-AF3D117D23C9}.Debug|Any CPU.Build.0 = Debug|Any CPU
		{DF884900-68B5-4E97-91E5-AF3D117D23C9}.Release|Any CPU.ActiveCfg = Release|Any CPU
		{DF884900-68B5-4E97-91E5-AF3D117D23C9}.Release|Any CPU.Build.0 = Release|Any CPU
		{EF9D9D51-5030-4028-A8A1-BCF8579A24CE}.Debug|Any CPU.ActiveCfg = Debug|Any CPU
		{EF9D9D51-5030-4028-A8A1-BCF8579A24CE}.Debug|Any CPU.Build.0 = Debug|Any CPU
		{EF9D9D51-5030-4028-A8A1-BCF8579A24CE}.Release|Any CPU.ActiveCfg = Release|Any CPU
		{EF9D9D51-5030-4028-A8A1-BCF8579A24CE}.Release|Any CPU.Build.0 = Release|Any CPU
		{24AB7F6F-9918-45A7-BB4B-CEC138559ED1}.Debug|Any CPU.ActiveCfg = Debug|Any CPU
		{24AB7F6F-9918-45A7-BB4B-CEC138559ED1}.Debug|Any CPU.Build.0 = Debug|Any CPU
		{24AB7F6F-9918-45A7-BB4B-CEC138559ED1}.Release|Any CPU.ActiveCfg = Release|Any CPU
		{24AB7F6F-9918-45A7-BB4B-CEC138559ED1}.Release|Any CPU.Build.0 = Release|Any CPU
		{E0C146CB-1796-4EE6-875F-9A0885616984}.Debug|Any CPU.ActiveCfg = Debug|Any CPU
		{E0C146CB-1796-4EE6-875F-9A0885616984}.Debug|Any CPU.Build.0 = Debug|Any CPU
		{E0C146CB-1796-4EE6-875F-9A0885616984}.Release|Any CPU.ActiveCfg = Release|Any CPU
		{E0C146CB-1796-4EE6-875F-9A0885616984}.Release|Any CPU.Build.0 = Release|Any CPU
		{825F089C-A1B6-4399-8CAD-BAAC91E05E2D}.Debug|Any CPU.ActiveCfg = Debug|Any CPU
		{825F089C-A1B6-4399-8CAD-BAAC91E05E2D}.Debug|Any CPU.Build.0 = Debug|Any CPU
		{825F089C-A1B6-4399-8CAD-BAAC91E05E2D}.Release|Any CPU.ActiveCfg = Release|Any CPU
		{825F089C-A1B6-4399-8CAD-BAAC91E05E2D}.Release|Any CPU.Build.0 = Release|Any CPU
		{B365C0D9-D110-452D-9576-CAAE262C2381}.Debug|Any CPU.ActiveCfg = Debug|Any CPU
		{B365C0D9-D110-452D-9576-CAAE262C2381}.Debug|Any CPU.Build.0 = Debug|Any CPU
		{B365C0D9-D110-452D-9576-CAAE262C2381}.Release|Any CPU.ActiveCfg = Release|Any CPU
		{B365C0D9-D110-452D-9576-CAAE262C2381}.Release|Any CPU.Build.0 = Release|Any CPU
		{70FC39CD-740F-4D8F-BC8A-E16017D87123}.Debug|Any CPU.ActiveCfg = Debug|Any CPU
		{70FC39CD-740F-4D8F-BC8A-E16017D87123}.Debug|Any CPU.Build.0 = Debug|Any CPU
		{70FC39CD-740F-4D8F-BC8A-E16017D87123}.Release|Any CPU.ActiveCfg = Release|Any CPU
		{70FC39CD-740F-4D8F-BC8A-E16017D87123}.Release|Any CPU.Build.0 = Release|Any CPU
		{8B8E05CF-F922-4FDA-95A5-FBEA746FFDC6}.Debug|Any CPU.ActiveCfg = Debug|Any CPU
		{8B8E05CF-F922-4FDA-95A5-FBEA746FFDC6}.Debug|Any CPU.Build.0 = Debug|Any CPU
		{8B8E05CF-F922-4FDA-95A5-FBEA746FFDC6}.Release|Any CPU.ActiveCfg = Release|Any CPU
		{8B8E05CF-F922-4FDA-95A5-FBEA746FFDC6}.Release|Any CPU.Build.0 = Release|Any CPU
		{2513B120-D6E9-4BA6-B453-6921E7635FF5}.Debug|Any CPU.ActiveCfg = Debug|Any CPU
		{2513B120-D6E9-4BA6-B453-6921E7635FF5}.Debug|Any CPU.Build.0 = Debug|Any CPU
		{2513B120-D6E9-4BA6-B453-6921E7635FF5}.Release|Any CPU.ActiveCfg = Release|Any CPU
		{2513B120-D6E9-4BA6-B453-6921E7635FF5}.Release|Any CPU.Build.0 = Release|Any CPU
		{A28DB53C-C9DF-4591-82D0-3DF57AA1A61B}.Debug|Any CPU.ActiveCfg = Debug|Any CPU
		{A28DB53C-C9DF-4591-82D0-3DF57AA1A61B}.Debug|Any CPU.Build.0 = Debug|Any CPU
		{A28DB53C-C9DF-4591-82D0-3DF57AA1A61B}.Release|Any CPU.ActiveCfg = Release|Any CPU
		{A28DB53C-C9DF-4591-82D0-3DF57AA1A61B}.Release|Any CPU.Build.0 = Release|Any CPU
	EndGlobalSection
	GlobalSection(SolutionProperties) = preSolution
		HideSolutionNode = FALSE
	EndGlobalSection
	GlobalSection(ExtensibilityGlobals) = postSolution
		SolutionGuid = {11E4073E-718A-49E1-B339-F6B64EEEDCEC}
	EndGlobalSection
EndGlobal
