
Microsoft Visual Studio Solution File, Format Version 12.00
# Visual Studio Version 16
VisualStudioVersion = 16.0.30804.86
MinimumVisualStudioVersion = 10.0.40219.1
Project("{FAE04EC0-301F-11D3-BF4B-00C04F79EFBC}") = "01.Persons", "PersonsInfo\01.Persons.csproj", "{C3D23FD2-F78F-476B-8123-0E1D649ABC9F}"
EndProject
Project("{FAE04EC0-301F-11D3-BF4B-00C04F79EFBC}") = "02.Salary", "SalaryIncrease\02.Salary.csproj", "{2DFD5AEC-F9C6-4252-B1F4-80C2BEC69035}"
EndProject
Project("{FAE04EC0-301F-11D3-BF4B-00C04F79EFBC}") = "03.Validation", "ValidationOfData\03.Validation.csproj", "{C338DF6E-4E14-441A-B725-FD55FDE0BCF6}"
EndProject
Project("{FAE04EC0-301F-11D3-BF4B-00C04F79EFBC}") = "04.Team", "FirstAndReverseTeam\04.Team.csproj", "{C42C2B3D-DCF5-4DF5-9B2D-75A8C5957DA6}"
EndProject
Global
	GlobalSection(SolutionConfigurationPlatforms) = preSolution
		Debug|Any CPU = Debug|Any CPU
		Release|Any CPU = Release|Any CPU
	EndGlobalSection
	GlobalSection(ProjectConfigurationPlatforms) = postSolution
		{C3D23FD2-F78F-476B-8123-0E1D649ABC9F}.Debug|Any CPU.ActiveCfg = Debug|Any CPU
		{C3D23FD2-F78F-476B-8123-0E1D649ABC9F}.Debug|Any CPU.Build.0 = Debug|Any CPU
		{C3D23FD2-F78F-476B-8123-0E1D649ABC9F}.Release|Any CPU.ActiveCfg = Release|Any CPU
		{C3D23FD2-F78F-476B-8123-0E1D649ABC9F}.Release|Any CPU.Build.0 = Release|Any CPU
		{2DFD5AEC-F9C6-4252-B1F4-80C2BEC69035}.Debug|Any CPU.ActiveCfg = Debug|Any CPU
		{2DFD5AEC-F9C6-4252-B1F4-80C2BEC69035}.Debug|Any CPU.Build.0 = Debug|Any CPU
		{2DFD5AEC-F9C6-4252-B1F4-80C2BEC69035}.Release|Any CPU.ActiveCfg = Release|Any CPU
		{2DFD5AEC-F9C6-4252-B1F4-80C2BEC69035}.Release|Any CPU.Build.0 = Release|Any CPU
		{C338DF6E-4E14-441A-B725-FD55FDE0BCF6}.Debug|Any CPU.ActiveCfg = Debug|Any CPU
		{C338DF6E-4E14-441A-B725-FD55FDE0BCF6}.Debug|Any CPU.Build.0 = Debug|Any CPU
		{C338DF6E-4E14-441A-B725-FD55FDE0BCF6}.Release|Any CPU.ActiveCfg = Release|Any CPU
		{C338DF6E-4E14-441A-B725-FD55FDE0BCF6}.Release|Any CPU.Build.0 = Release|Any CPU
		{C42C2B3D-DCF5-4DF5-9B2D-75A8C5957DA6}.Debug|Any CPU.ActiveCfg = Debug|Any CPU
		{C42C2B3D-DCF5-4DF5-9B2D-75A8C5957DA6}.Debug|Any CPU.Build.0 = Debug|Any CPU
		{C42C2B3D-DCF5-4DF5-9B2D-75A8C5957DA6}.Release|Any CPU.ActiveCfg = Release|Any CPU
		{C42C2B3D-DCF5-4DF5-9B2D-75A8C5957DA6}.Release|Any CPU.Build.0 = Release|Any CPU
	EndGlobalSection
	GlobalSection(SolutionProperties) = preSolution
		HideSolutionNode = FALSE
	EndGlobalSection
	GlobalSection(ExtensibilityGlobals) = postSolution
		SolutionGuid = {9C7BE054-CA85-4A59-96C5-EABD795E0980}
	EndGlobalSection
EndGlobal
